
Microsoft Visual Studio Solution File, Format Version 12.00
# Visual Studio Version 17
VisualStudioVersion = 17.4.33205.214
MinimumVisualStudioVersion = 10.0.40219.1
Project("{FAE04EC0-301F-11D3-BF4B-00C04F79EFBC}") = "SF2022User05", "SF2022User05\SF2022User05.csproj", "{23D7DDCC-6F7F-4697-A8C3-4A796BB83B47}"
EndProject
Global
	GlobalSection(SolutionConfigurationPlatforms) = preSolution
		Debug|Any CPU = Debug|Any CPU
		Release|Any CPU = Release|Any CPU
	EndGlobalSection
	GlobalSection(ProjectConfigurationPlatforms) = postSolution
		{23D7DDCC-6F7F-4697-A8C3-4A796BB83B47}.Debug|Any CPU.ActiveCfg = Debug|Any CPU
		{23D7DDCC-6F7F-4697-A8C3-4A796BB83B47}.Debug|Any CPU.Build.0 = Debug|Any CPU
		{23D7DDCC-6F7F-4697-A8C3-4A796BB83B47}.Release|Any CPU.ActiveCfg = Release|Any CPU
		{23D7DDCC-6F7F-4697-A8C3-4A796BB83B47}.Release|Any CPU.Build.0 = Release|Any CPU
	EndGlobalSection
	GlobalSection(SolutionProperties) = preSolution
		HideSolutionNode = FALSE
	EndGlobalSection
	GlobalSection(ExtensibilityGlobals) = postSolution
		SolutionGuid = {3CC36E69-6D7C-4020-86D6-0B9884208E53}
	EndGlobalSection
EndGlobal
